
Microsoft Visual Studio Solution File, Format Version 12.00
# Visual Studio Version 16
VisualStudioVersion = 16.0.32802.440
MinimumVisualStudioVersion = 10.0.40219.1
Project("{FAE04EC0-301F-11D3-BF4B-00C04F79EFBC}") = "20MinutesTillDawn.Fixes", "20MinutesTillDawn.Fixes\20MinutesTillDawn.Fixes.csproj", "{A474BF39-81F0-40F6-9A13-411794406DDE}"
EndProject
Global
	GlobalSection(SolutionConfigurationPlatforms) = preSolution
		Debug|Any CPU = Debug|Any CPU
		Release|Any CPU = Release|Any CPU
	EndGlobalSection
	GlobalSection(ProjectConfigurationPlatforms) = postSolution
		{A474BF39-81F0-40F6-9A13-411794406DDE}.Debug|Any CPU.ActiveCfg = Debug|Any CPU
		{A474BF39-81F0-40F6-9A13-411794406DDE}.Debug|Any CPU.Build.0 = Debug|Any CPU
		{A474BF39-81F0-40F6-9A13-411794406DDE}.Release|Any CPU.ActiveCfg = Release|Any CPU
		{A474BF39-81F0-40F6-9A13-411794406DDE}.Release|Any CPU.Build.0 = Release|Any CPU
	EndGlobalSection
	GlobalSection(SolutionProperties) = preSolution
		HideSolutionNode = FALSE
	EndGlobalSection
	GlobalSection(ExtensibilityGlobals) = postSolution
		SolutionGuid = {876F4145-9B34-41DB-9020-DE9F1DFFF040}
	EndGlobalSection
EndGlobal
